
Microsoft Visual Studio Solution File, Format Version 11.00
# Visual Studio 2010
Project("{FAE04EC0-301F-11D3-BF4B-00C04F79EFBC}") = "redBullVR", "Assembly-CSharp.csproj", "{28C5B7D2-37BD-E4F7-A543-B42D039CCB12}"
EndProject
Project("{FAE04EC0-301F-11D3-BF4B-00C04F79EFBC}") = "redBullVR", "Assembly-CSharp-firstpass.csproj", "{9D766B47-1B20-EFE8-9F3C-828BDDCB6367}"
EndProject
Project("{FAE04EC0-301F-11D3-BF4B-00C04F79EFBC}") = "redBullVR", "Assembly-CSharp-Editor-firstpass.csproj", "{02512418-5F9C-07B3-446C-CA621C3262E9}"
EndProject
Project("{FAE04EC0-301F-11D3-BF4B-00C04F79EFBC}") = "redBullVR", "Assembly-CSharp-Editor.csproj", "{559B97A2-D9DB-E221-8F88-757328F07E62}"
EndProject
Global
	GlobalSection(SolutionConfigurationPlatforms) = preSolution
		Debug|Any CPU = Debug|Any CPU
		Release|Any CPU = Release|Any CPU
	EndGlobalSection
	GlobalSection(ProjectConfigurationPlatforms) = postSolution
		{28C5B7D2-37BD-E4F7-A543-B42D039CCB12}.Debug|Any CPU.ActiveCfg = Debug|Any CPU
		{28C5B7D2-37BD-E4F7-A543-B42D039CCB12}.Debug|Any CPU.Build.0 = Debug|Any CPU
		{28C5B7D2-37BD-E4F7-A543-B42D039CCB12}.Release|Any CPU.ActiveCfg = Release|Any CPU
		{28C5B7D2-37BD-E4F7-A543-B42D039CCB12}.Release|Any CPU.Build.0 = Release|Any CPU
		{9D766B47-1B20-EFE8-9F3C-828BDDCB6367}.Debug|Any CPU.ActiveCfg = Debug|Any CPU
		{9D766B47-1B20-EFE8-9F3C-828BDDCB6367}.Debug|Any CPU.Build.0 = Debug|Any CPU
		{9D766B47-1B20-EFE8-9F3C-828BDDCB6367}.Release|Any CPU.ActiveCfg = Release|Any CPU
		{9D766B47-1B20-EFE8-9F3C-828BDDCB6367}.Release|Any CPU.Build.0 = Release|Any CPU
		{02512418-5F9C-07B3-446C-CA621C3262E9}.Debug|Any CPU.ActiveCfg = Debug|Any CPU
		{02512418-5F9C-07B3-446C-CA621C3262E9}.Debug|Any CPU.Build.0 = Debug|Any CPU
		{02512418-5F9C-07B3-446C-CA621C3262E9}.Release|Any CPU.ActiveCfg = Release|Any CPU
		{02512418-5F9C-07B3-446C-CA621C3262E9}.Release|Any CPU.Build.0 = Release|Any CPU
		{559B97A2-D9DB-E221-8F88-757328F07E62}.Debug|Any CPU.ActiveCfg = Debug|Any CPU
		{559B97A2-D9DB-E221-8F88-757328F07E62}.Debug|Any CPU.Build.0 = Debug|Any CPU
		{559B97A2-D9DB-E221-8F88-757328F07E62}.Release|Any CPU.ActiveCfg = Release|Any CPU
		{559B97A2-D9DB-E221-8F88-757328F07E62}.Release|Any CPU.Build.0 = Release|Any CPU
	EndGlobalSection
	GlobalSection(SolutionProperties) = preSolution
		HideSolutionNode = FALSE
	EndGlobalSection
	GlobalSection(MonoDevelopProperties) = preSolution
		StartupItem = Assembly-CSharp.csproj
	EndGlobalSection
EndGlobal
